
Microsoft Visual Studio Solution File, Format Version 12.00
# Visual Studio 15
VisualStudioVersion = 15.0.27004.2006
MinimumVisualStudioVersion = 10.0.40219.1
Project("{9A19103F-16F7-4668-BE54-9A1E7A4F7556}") = "osu.Game", "osu.Game\osu.Game.csproj", "{2A66DD92-ADB1-4994-89E2-C94E04ACDA0D}"
EndProject
Project("{9A19103F-16F7-4668-BE54-9A1E7A4F7556}") = "osu.Game.Resources", "osu-resources\osu.Game.Resources\osu.Game.Resources.csproj", "{D9A367C9-4C1A-489F-9B05-A0CEA2B53B58}"
EndProject
Project("{9A19103F-16F7-4668-BE54-9A1E7A4F7556}") = "osu.Desktop", "osu.Desktop\osu.Desktop.csproj", "{419659FD-72EA-4678-9EB8-B22A746CED70}"
EndProject
Project("{FAE04EC0-301F-11D3-BF4B-00C04F79EFBC}") = "osu.Game.Rulesets.Dodge", "osu.Game.Rulesets.Dodge\osu.Game.Rulesets.Dodge.csproj", "{F50D7961-69E6-4518-929B-FA859F4049DE}"
EndProject
Project("{FAE04EC0-301F-11D3-BF4B-00C04F79EFBC}") = "osu.Game.Rulesets.Dodge.Tests", "osu.Game.Rulesets.Dodge.Tests\osu.Game.Rulesets.Dodge.Tests.csproj", "{F43E60A4-C97A-421E-9065-25A3C8F99BA1}"
EndProject
Global
	GlobalSection(SolutionConfigurationPlatforms) = preSolution
		Debug|Any CPU = Debug|Any CPU
		Release|Any CPU = Release|Any CPU
	EndGlobalSection
	GlobalSection(ProjectConfigurationPlatforms) = postSolution
		{2A66DD92-ADB1-4994-89E2-C94E04ACDA0D}.Debug|Any CPU.ActiveCfg = Debug|Any CPU
		{2A66DD92-ADB1-4994-89E2-C94E04ACDA0D}.Debug|Any CPU.Build.0 = Debug|Any CPU
		{2A66DD92-ADB1-4994-89E2-C94E04ACDA0D}.Release|Any CPU.ActiveCfg = Release|Any CPU
		{2A66DD92-ADB1-4994-89E2-C94E04ACDA0D}.Release|Any CPU.Build.0 = Release|Any CPU
		{D9A367C9-4C1A-489F-9B05-A0CEA2B53B58}.Debug|Any CPU.ActiveCfg = Debug|Any CPU
		{D9A367C9-4C1A-489F-9B05-A0CEA2B53B58}.Debug|Any CPU.Build.0 = Debug|Any CPU
		{D9A367C9-4C1A-489F-9B05-A0CEA2B53B58}.Release|Any CPU.ActiveCfg = Release|Any CPU
		{D9A367C9-4C1A-489F-9B05-A0CEA2B53B58}.Release|Any CPU.Build.0 = Release|Any CPU
		{419659FD-72EA-4678-9EB8-B22A746CED70}.Debug|Any CPU.ActiveCfg = Debug|Any CPU
		{419659FD-72EA-4678-9EB8-B22A746CED70}.Debug|Any CPU.Build.0 = Debug|Any CPU
		{419659FD-72EA-4678-9EB8-B22A746CED70}.Release|Any CPU.ActiveCfg = Release|Any CPU
		{419659FD-72EA-4678-9EB8-B22A746CED70}.Release|Any CPU.Build.0 = Release|Any CPU
		{F50D7961-69E6-4518-929B-FA859F4049DE}.Debug|Any CPU.ActiveCfg = Debug|Any CPU
		{F50D7961-69E6-4518-929B-FA859F4049DE}.Debug|Any CPU.Build.0 = Debug|Any CPU
		{F50D7961-69E6-4518-929B-FA859F4049DE}.Release|Any CPU.ActiveCfg = Release|Any CPU
		{F50D7961-69E6-4518-929B-FA859F4049DE}.Release|Any CPU.Build.0 = Release|Any CPU
		{F43E60A4-C97A-421E-9065-25A3C8F99BA1}.Debug|Any CPU.ActiveCfg = Debug|Any CPU
		{F43E60A4-C97A-421E-9065-25A3C8F99BA1}.Debug|Any CPU.Build.0 = Debug|Any CPU
		{F43E60A4-C97A-421E-9065-25A3C8F99BA1}.Release|Any CPU.ActiveCfg = Release|Any CPU
		{F43E60A4-C97A-421E-9065-25A3C8F99BA1}.Release|Any CPU.Build.0 = Release|Any CPU
	EndGlobalSection
	GlobalSection(SolutionProperties) = preSolution
		HideSolutionNode = FALSE
	EndGlobalSection
	GlobalSection(ExtensibilityGlobals) = postSolution
		SolutionGuid = {671B0BEC-2403-45B0-9357-2C97CC517668}
	EndGlobalSection
	GlobalSection(MonoDevelopProperties) = preSolution
		Policies = $0
		$0.TextStylePolicy = $1
		$1.EolMarker = Windows
		$1.inheritsSet = VisualStudio
		$1.inheritsScope = text/plain
		$1.scope = text/x-csharp
		$0.CSharpFormattingPolicy = $2
		$2.IndentSwitchSection = True
		$2.NewLinesForBracesInProperties = True
		$2.NewLinesForBracesInAccessors = True
		$2.NewLinesForBracesInAnonymousMethods = True
		$2.NewLinesForBracesInControlBlocks = True
		$2.NewLinesForBracesInAnonymousTypes = True
		$2.NewLinesForBracesInObjectCollectionArrayInitializers = True
		$2.NewLinesForBracesInLambdaExpressionBody = True
		$2.NewLineForElse = True
		$2.NewLineForCatch = True
		$2.NewLineForFinally = True
		$2.NewLineForMembersInObjectInit = True
		$2.NewLineForMembersInAnonymousTypes = True
		$2.NewLineForClausesInQuery = True
		$2.SpacingAfterMethodDeclarationName = False
		$2.SpaceAfterMethodCallName = False
		$2.SpaceBeforeOpenSquareBracket = False
		$2.inheritsSet = Mono
		$2.inheritsScope = text/x-csharp
		$2.scope = text/x-csharp
	EndGlobalSection
EndGlobal
